
Microsoft Visual Studio Solution File, Format Version 12.00
# Visual Studio Version 17
VisualStudioVersion = 17.7.34018.315
MinimumVisualStudioVersion = 10.0.40219.1
Project("{FAE04EC0-301F-11D3-BF4B-00C04F79EFBC}") = "FinTrac", "FinTrac\FinTrac.csproj", "{32037972-BD71-4E4A-80FA-D8B8A2F6C15E}"
EndProject
Global
	GlobalSection(SolutionConfigurationPlatforms) = preSolution
		Debug|Any CPU = Debug|Any CPU
		Release|Any CPU = Release|Any CPU
	EndGlobalSection
	GlobalSection(ProjectConfigurationPlatforms) = postSolution
		{32037972-BD71-4E4A-80FA-D8B8A2F6C15E}.Debug|Any CPU.ActiveCfg = Debug|Any CPU
		{32037972-BD71-4E4A-80FA-D8B8A2F6C15E}.Debug|Any CPU.Build.0 = Debug|Any CPU
		{32037972-BD71-4E4A-80FA-D8B8A2F6C15E}.Release|Any CPU.ActiveCfg = Release|Any CPU
		{32037972-BD71-4E4A-80FA-D8B8A2F6C15E}.Release|Any CPU.Build.0 = Release|Any CPU
	EndGlobalSection
	GlobalSection(SolutionProperties) = preSolution
		HideSolutionNode = FALSE
	EndGlobalSection
	GlobalSection(ExtensibilityGlobals) = postSolution
		SolutionGuid = {BC947A7F-21E7-4E4F-B7A0-20F596EA2236}
	EndGlobalSection
EndGlobal
